# Auto-generated from catalog/methods.yaml during the Phase B transition.
# Edit catalog/methods.yaml, then rerun split_legacy_methods.py.
catalog_version: 1
method_id: "aom_pop.ridge_superblock"
family: "aom_pop.aom"
category: "aom_pop"
subcategory: "aom"
since_abi: "1.21.0"
abi_symbols: []
tu:
  - "cpp/src/core/aom_superblock.cpp"
  - "cpp/src/core/ridge.cpp"
  - "cpp/src/c_api/c_api_method_result.cpp"
headers:
  - "cpp/include/n4m/compose.h"
  - "cpp/include/n4m/compose.h"
carry_along_tu:
  - "cpp/src/core/aom_operators.cpp"
  - "cpp/src/core/model.cpp"
  - "cpp/src/core/common/linalg.c"
  - "cpp/src/core/common/context.cpp"
  - "cpp/src/core/common/status.cpp"
  - "cpp/src/core/common/matrix_view.cpp"
  - "cpp/src/core/common/version.cpp"
parity:
  fixtures: []
  tolerance_row: "n4m/AOM-ridge-superblock-python-contract"
  divergence_id: null
  references: []
  tolerances: []
bench:
  bench_id: "aom_pop.ridge_superblock"
  registry_entry: "benchmarks/cross_binding/bench_aom_ridge_superblock_timing.py"
feature_flags: []
vendored_licenses: []
bindings:
  python:
    module: "n4m.compose.aom_superblock"
    class: "aom_ridge_superblock"
    legacy_aliases: []
publications: []
notes: "Native AOM Ridge superblock over strict-linear single-operator AOM views (core fit_aom_superblock). It concatenates the operator outputs, centers the columns and optionally scales each block to unit RMS with train-fold statistics, selects the Ridge alpha by train-fold CV, and folds the final superblock coefficients back to original-input input_coefficients plus intercept, so the role state is an affine N4MM predictor. It excludes donor branch_global, MKL/kernel, row-reference-dependent preprocessing and nonlinear AOM Ridge modes."
c_surface: "none"
estimator:
  kind: "estimator"
  adapter: "aom_ridge_superblock"
  roles: "[regressor]"
  state: "n4mm"
  inputs:
    y: "required"
    fold_ids: "optional"
  params:
    - name: "op_kinds"
      type: "int_array"
      default: "[0, 7, 7, 8, 8, 9, 9, 10, 15]"
      min: 0
      max: 18
    - name: "param_offsets"
      type: "int_array"
      default: "[0, 0, 1, 2, 4, 6, 9, 12, 15, 16]"
      min: 0
    - name: "op_params"
      type: "double_array"
      default: "[1.0, 2.0, 5.0, 2.0, 7.0, 2.0, 7.0, 2.0, 1.0, 11.0, 2.0, 2.0, 5.0, 5.0, 1.0, 1.0]"
    - name: "alphas"
      type: "double_array"
      default: "[0.0001, 0.01, 1.0, 100.0]"
      min: 0.0
    - name: "cv"
      type: "int"
      default: 5
      min: 2
    - name: "block_scaling"
      type: "enum"
      default: "rms"
      choices: "[rms, none]"
    - name: "center_x"
      type: "bool"
      default: true
    - name: "center_y"
      type: "bool"
      default: true
fq_name: "n4m.compose.aom_superblock.ridge_superblock"
leaf: "ridge_superblock"
legacy_ids:
  - "aom_pop.ridge_superblock"
namespace: "compose.aom_superblock"
